{
  "name": "@lukuangchen/smol-translator",
  "version": "4.1.2",
  "lockfileVersion": 3,
  "requires": true,
  "packages": {
    "": {
      "name": "@lukuangchen/smol-translator",
      "version": "4.1.2",
      "license": "MIT",
      "dependencies": {
        "@lukuangchen/s-expression": "^2.0.0",
        "rescript": "^10.1.4"
      }
    },
    "node_modules/@lukuangchen/s-expression": {
      "version": "2.0.4",
      "resolved": "https://registry.npmjs.org/@lukuangchen/s-expression/-/s-expression-2.0.4.tgz",
      "integrity": "sha512-KUU61BbhAvHyJwl5GhdKXCATcr/YrETQPZdF1C5mNrcQ50VQRQarP0Ms3srB406PK5BJRH1Scd4kGZKKQrQrbA==",
      "dependencies": {
        "rescript": "^10.1.4"
      }
    },
    "node_modules/rescript": {
      "version": "10.1.4",
      "resolved": "https://registry.npmjs.org/rescript/-/rescript-10.1.4.tgz",
      "integrity": "sha512-FFKlS9AG/XrLepWsyw7B+A9DtQBPWEPDPDKghV831Y2KGbie+eeFBOS0xtRHp0xbt7S0N2Dm6hhX+kTZQ/3Ybg==",
      "hasInstallScript": true,
      "bin": {
        "bsc": "bsc",
        "bsrefmt": "bsrefmt",
        "bstracing": "lib/bstracing",
        "rescript": "rescript"
      }
    }
  }
}
