{
  "name": "smol-translator",
  "version": "1.0.0",
  "lockfileVersion": 2,
  "requires": true,
  "packages": {
    "": {
      "name": "smol-translator",
      "version": "1.0.0",
      "license": "MIT",
      "dependencies": {
        "@lukc1024/s-expression": "file:../s-expression",
        "rescript": "^10.1.4"
      }
    },
    "../s-expression": {
      "name": "@lukc1024/s-expression",
      "version": "1.0.0",
      "license": "MIT",
      "dependencies": {
        "rescript": "^10.1.4"
      },
      "devDependencies": {}
    },
    "node_modules/@lukc1024/s-expression": {
      "resolved": "../s-expression",
      "link": true
    },
    "node_modules/rescript": {
      "version": "10.1.4",
      "resolved": "https://registry.npmjs.org/rescript/-/rescript-10.1.4.tgz",
      "integrity": "sha512-FFKlS9AG/XrLepWsyw7B+A9DtQBPWEPDPDKghV831Y2KGbie+eeFBOS0xtRHp0xbt7S0N2Dm6hhX+kTZQ/3Ybg==",
      "hasInstallScript": true,
      "bin": {
        "bsc": "bsc",
        "bsrefmt": "bsrefmt",
        "bstracing": "lib/bstracing",
        "rescript": "rescript"
      }
    }
  },
  "dependencies": {
    "@lukc1024/s-expression": {
      "version": "file:../s-expression",
      "requires": {
        "rescript": "^10.1.4"
      }
    },
    "rescript": {
      "version": "10.1.4",
      "resolved": "https://registry.npmjs.org/rescript/-/rescript-10.1.4.tgz",
      "integrity": "sha512-FFKlS9AG/XrLepWsyw7B+A9DtQBPWEPDPDKghV831Y2KGbie+eeFBOS0xtRHp0xbt7S0N2Dm6hhX+kTZQ/3Ybg=="
    }
  }
}
