{
  "name": "@lukuangchen/smol-translator",
  "version": "4.0.0",
  "lockfileVersion": 2,
  "requires": true,
  "packages": {
    "": {
      "name": "@lukuangchen/smol-translator",
      "version": "4.0.0",
      "license": "MIT",
      "dependencies": {
        "@lukuangchen/s-expression": "^2.0.0",
        "rescript": "^10.1.4"
      }
    },
    "node_modules/@lukuangchen/s-expression": {
      "version": "2.0.3",
      "resolved": "https://registry.npmjs.org/@lukuangchen/s-expression/-/s-expression-2.0.3.tgz",
      "integrity": "sha512-MEoYfqosR9BPpuszqVwe1ydZF+qLnQK33CZflaOUx+oWPoqQ4K/+m9b8jE3Kfnby85cYnPeKO3lYR5qS5ou2xw==",
      "dependencies": {
        "rescript": "^10.1.4"
      }
    },
    "node_modules/rescript": {
      "version": "10.1.4",
      "resolved": "https://registry.npmjs.org/rescript/-/rescript-10.1.4.tgz",
      "integrity": "sha512-FFKlS9AG/XrLepWsyw7B+A9DtQBPWEPDPDKghV831Y2KGbie+eeFBOS0xtRHp0xbt7S0N2Dm6hhX+kTZQ/3Ybg==",
      "hasInstallScript": true,
      "bin": {
        "bsc": "bsc",
        "bsrefmt": "bsrefmt",
        "bstracing": "lib/bstracing",
        "rescript": "rescript"
      }
    }
  },
  "dependencies": {
    "@lukuangchen/s-expression": {
      "version": "2.0.3",
      "resolved": "https://registry.npmjs.org/@lukuangchen/s-expression/-/s-expression-2.0.3.tgz",
      "integrity": "sha512-MEoYfqosR9BPpuszqVwe1ydZF+qLnQK33CZflaOUx+oWPoqQ4K/+m9b8jE3Kfnby85cYnPeKO3lYR5qS5ou2xw==",
      "requires": {
        "rescript": "^10.1.4"
      }
    },
    "rescript": {
      "version": "10.1.4",
      "resolved": "https://registry.npmjs.org/rescript/-/rescript-10.1.4.tgz",
      "integrity": "sha512-FFKlS9AG/XrLepWsyw7B+A9DtQBPWEPDPDKghV831Y2KGbie+eeFBOS0xtRHp0xbt7S0N2Dm6hhX+kTZQ/3Ybg=="
    }
  }
}
